<?xml version="1.0" encoding="utf-8"?>
<Project ToolsVersion="4.0" xmlns="http://schemas.microsoft.com/developer/msbuild/2003">
  <ItemGroup>
    <Filter Include="win32">
      <UniqueIdentifier>{84a8ebd7-7cf0-47f6-b75e-d441df67da40}</UniqueIdentifier>
    </Filter>
    <Filter Include="resource">
      <UniqueIdentifier>{715254bc-d70b-4ec5-bf29-467dd3ace079}</UniqueIdentifier>
    </Filter>
    <Filter Include="src">
      <UniqueIdentifier>{bb6c862e-70e9-49d9-81b7-3829a6f50471}</UniqueIdentifier>
    </Filter>
    <Filter Include="src\Layer">
      <UniqueIdentifier>{1dbdb370-0394-478f-b494-815f661452f2}</UniqueIdentifier>
    </Filter>
    <Filter Include="src\Map">
      <UniqueIdentifier>{0b9f26a6-1c7f-4afc-9da4-3d17bc3cafad}</UniqueIdentifier>
    </Filter>
    <Filter Include="src\yUtils">
      <UniqueIdentifier>{f98aa643-7c5a-4531-b6fe-c7da52054863}</UniqueIdentifier>
    </Filter>
    <Filter Include="src\yUtils\Helper">
      <UniqueIdentifier>{e37fd377-b592-4f17-a49b-6598c95c7342}</UniqueIdentifier>
    </Filter>
    <Filter Include="src\Tank">
      <UniqueIdentifier>{791764d4-4d5e-42ec-9790-55eaf0ae3b97}</UniqueIdentifier>
    </Filter>
    <Filter Include="src\Player">
      <UniqueIdentifier>{3868e786-2b53-4117-9cfb-a21af4e564da}</UniqueIdentifier>
    </Filter>
    <Filter Include="src\Bullet">
      <UniqueIdentifier>{10618b21-74cc-4694-a422-486087bb04a1}</UniqueIdentifier>
    </Filter>
    <Filter Include="src\Common">
      <UniqueIdentifier>{0e1e253b-3ded-4e09-9a65-b61ee1d27af6}</UniqueIdentifier>
    </Filter>
    <Filter Include="src\yUtils\MemPool">
      <UniqueIdentifier>{d2ee7188-c1e3-4b2f-b0a6-945187804ee6}</UniqueIdentifier>
    </Filter>
    <Filter Include="src\Stage">
      <UniqueIdentifier>{b11a4d37-2084-4e82-bdcb-6da7e961504a}</UniqueIdentifier>
    </Filter>
    <Filter Include="src\yUtils\cocos">
      <UniqueIdentifier>{2e1c20b1-4170-47dc-84a8-fa2f06d335e4}</UniqueIdentifier>
    </Filter>
  </ItemGroup>
  <ItemGroup>
    <ClCompile Include="main.cpp">
      <Filter>win32</Filter>
    </ClCompile>
    <ClCompile Include="..\Classes\AppDelegate.cpp">
      <Filter>src</Filter>
    </ClCompile>
    <ClCompile Include="..\Classes\HelloWorldScene.cpp">
      <Filter>src</Filter>
    </ClCompile>
    <ClCompile Include="..\Classes\Layer\GameLayer.cpp">
      <Filter>src\Layer</Filter>
    </ClCompile>
    <ClCompile Include="..\Classes\Map\TankTiledMap.cpp">
      <Filter>src\Map</Filter>
    </ClCompile>
    <ClCompile Include="..\Classes\Layer\HudLayer.cpp">
      <Filter>src\Layer</Filter>
    </ClCompile>
    <ClCompile Include="..\Classes\Tank\EnemyTank.cpp">
      <Filter>src\Tank</Filter>
    </ClCompile>
    <ClCompile Include="..\Classes\Tank\MineTank.cpp">
      <Filter>src\Tank</Filter>
    </ClCompile>
    <ClCompile Include="..\Classes\Tank\TankBase.cpp">
      <Filter>src\Tank</Filter>
    </ClCompile>
    <ClCompile Include="..\Classes\Player\AIPlayer.cpp">
      <Filter>src\Player</Filter>
    </ClCompile>
    <ClCompile Include="..\Classes\Player\AIPlayerState.cpp">
      <Filter>src\Player</Filter>
    </ClCompile>
    <ClCompile Include="..\Classes\Player\Player.cpp">
      <Filter>src\Player</Filter>
    </ClCompile>
    <ClCompile Include="..\Classes\Player\PlayerState.cpp">
      <Filter>src\Player</Filter>
    </ClCompile>
    <ClCompile Include="..\Classes\Bullet\BulletBase.cpp">
      <Filter>src\Bullet</Filter>
    </ClCompile>
    <ClCompile Include="..\Classes\Bullet\BulletManager.cpp">
      <Filter>src\Bullet</Filter>
    </ClCompile>
    <ClCompile Include="..\Classes\Player\AIPlayerManager.cpp">
      <Filter>src\Player</Filter>
    </ClCompile>
    <ClCompile Include="..\Classes\Tank\TankFactory.cpp">
      <Filter>src\Tank</Filter>
    </ClCompile>
    <ClCompile Include="..\Classes\Layer\MenuLayer.cpp">
      <Filter>src\Layer</Filter>
    </ClCompile>
    <ClCompile Include="..\Classes\Layer\GameOverLayer.cpp">
      <Filter>src\Layer</Filter>
    </ClCompile>
    <ClCompile Include="..\Classes\Layer\WinLayer.cpp">
      <Filter>src\Layer</Filter>
    </ClCompile>
    <ClCompile Include="..\Classes\yUtils\cocos\Rocker4A.cpp">
      <Filter>src\yUtils\cocos</Filter>
    </ClCompile>
    <ClCompile Include="..\Classes\yUtils\cocos\RockerBase.cpp">
      <Filter>src\yUtils\cocos</Filter>
    </ClCompile>
    <ClCompile Include="..\Classes\Stage\StageBase.cpp">
      <Filter>src\Stage</Filter>
    </ClCompile>
    <ClCompile Include="..\Classes\Stage\SteelStage.cpp">
      <Filter>src\Stage</Filter>
    </ClCompile>
    <ClCompile Include="..\Classes\Stage\StageManager.cpp">
      <Filter>src\Stage</Filter>
    </ClCompile>
    <ClCompile Include="..\Classes\Stage\ActiveStage.cpp">
      <Filter>src\Stage</Filter>
    </ClCompile>
    <ClCompile Include="..\Classes\Layer\ChooseMenuLayer.cpp">
      <Filter>src\Layer</Filter>
    </ClCompile>
  </ItemGroup>
  <ItemGroup>
    <ClInclude Include="main.h">
      <Filter>win32</Filter>
    </ClInclude>
    <ClInclude Include="..\Classes\AppDelegate.h">
      <Filter>src</Filter>
    </ClInclude>
    <ClInclude Include="..\Classes\HelloWorldScene.h">
      <Filter>src</Filter>
    </ClInclude>
    <ClInclude Include="..\Classes\Layer\GameLayer.h">
      <Filter>src\Layer</Filter>
    </ClInclude>
    <ClInclude Include="..\Classes\Map\TankTiledMap.h">
      <Filter>src\Map</Filter>
    </ClInclude>
    <ClInclude Include="..\Classes\Layer\HudLayer.h">
      <Filter>src\Layer</Filter>
    </ClInclude>
    <ClInclude Include="..\Classes\yUtils\Helper\yUtils.h">
      <Filter>src\yUtils\Helper</Filter>
    </ClInclude>
    <ClInclude Include="..\Classes\Tank\EnemyTank.h">
      <Filter>src\Tank</Filter>
    </ClInclude>
    <ClInclude Include="..\Classes\Tank\MineTank.h">
      <Filter>src\Tank</Filter>
    </ClInclude>
    <ClInclude Include="..\Classes\Tank\TankBase.h">
      <Filter>src\Tank</Filter>
    </ClInclude>
    <ClInclude Include="..\Classes\Player\AIPlayer.h">
      <Filter>src\Player</Filter>
    </ClInclude>
    <ClInclude Include="..\Classes\Player\AIPlayerState.h">
      <Filter>src\Player</Filter>
    </ClInclude>
    <ClInclude Include="..\Classes\Player\Player.h">
      <Filter>src\Player</Filter>
    </ClInclude>
    <ClInclude Include="..\Classes\Player\PlayerState.h">
      <Filter>src\Player</Filter>
    </ClInclude>
    <ClInclude Include="..\Classes\Player\UserPlayer.h">
      <Filter>src\Player</Filter>
    </ClInclude>
    <ClInclude Include="..\Classes\Bullet\BulletBase.h">
      <Filter>src\Bullet</Filter>
    </ClInclude>
    <ClInclude Include="..\Classes\Common\Common.h">
      <Filter>src\Common</Filter>
    </ClInclude>
    <ClInclude Include="..\Classes\Bullet\BulletManager.h">
      <Filter>src\Bullet</Filter>
    </ClInclude>
    <ClInclude Include="..\Classes\yUtils\MemPool\SimpleMemPool.h">
      <Filter>src\yUtils\MemPool</Filter>
    </ClInclude>
    <ClInclude Include="..\Classes\Player\AIPlayerManager.h">
      <Filter>src\Player</Filter>
    </ClInclude>
    <ClInclude Include="..\Classes\Tank\TankFactory.h">
      <Filter>src\Tank</Filter>
    </ClInclude>
    <ClInclude Include="..\Classes\Layer\MenuLayer.h">
      <Filter>src\Layer</Filter>
    </ClInclude>
    <ClInclude Include="..\Classes\Layer\GameOverLayer.h">
      <Filter>src\Layer</Filter>
    </ClInclude>
    <ClInclude Include="..\Classes\Layer\WinLayer.h">
      <Filter>src\Layer</Filter>
    </ClInclude>
    <ClInclude Include="..\Classes\yUtils\cocos\Rocker4A.h">
      <Filter>src\yUtils\cocos</Filter>
    </ClInclude>
    <ClInclude Include="..\Classes\yUtils\cocos\RockerBase.h">
      <Filter>src\yUtils\cocos</Filter>
    </ClInclude>
    <ClInclude Include="..\Classes\Stage\StageBase.h">
      <Filter>src\Stage</Filter>
    </ClInclude>
    <ClInclude Include="..\Classes\Stage\SteelStage.h">
      <Filter>src\Stage</Filter>
    </ClInclude>
    <ClInclude Include="..\Classes\Stage\StageManager.h">
      <Filter>src\Stage</Filter>
    </ClInclude>
    <ClInclude Include="..\Classes\Stage\NullStage.h">
      <Filter>src\Stage</Filter>
    </ClInclude>
    <ClInclude Include="..\Classes\Stage\ActiveStage.h">
      <Filter>src\Stage</Filter>
    </ClInclude>
    <ClInclude Include="..\Classes\Layer\ChooseMenuLayer.h">
      <Filter>src\Layer</Filter>
    </ClInclude>
  </ItemGroup>
  <ItemGroup>
    <ResourceCompile Include="game.rc">
      <Filter>resource</Filter>
    </ResourceCompile>
  </ItemGroup>
</Project>